
Microsoft Visual Studio Solution File, Format Version 11.00
# Visual Studio 2010
Project("{FAE04EC0-301F-11D3-BF4B-00C04F79EFBC}") = "JavApi_Core", "JavApi_Core.csproj", "{D9DD4BA0-DC9F-438C-AC79-53B32AF3155D}"
EndProject
Global
	GlobalSection(SolutionConfigurationPlatforms) = preSolution
		Debug|Any CPU = Debug|Any CPU
		Release|Any CPU = Release|Any CPU
	EndGlobalSection
	GlobalSection(ProjectConfigurationPlatforms) = postSolution
		{D9DD4BA0-DC9F-438C-AC79-53B32AF3155D}.Debug|Any CPU.ActiveCfg = Debug|Any CPU
		{D9DD4BA0-DC9F-438C-AC79-53B32AF3155D}.Debug|Any CPU.Build.0 = Debug|Any CPU
		{D9DD4BA0-DC9F-438C-AC79-53B32AF3155D}.Release|Any CPU.ActiveCfg = Release|Any CPU
		{D9DD4BA0-DC9F-438C-AC79-53B32AF3155D}.Release|Any CPU.Build.0 = Release|Any CPU
	EndGlobalSection
	GlobalSection(MonoDevelopProperties) = preSolution
		StartupItem = JavApi_Core.csproj
	EndGlobalSection
EndGlobal
